Microsoft Visual Studio Solution File, Format Version 12.00
# Visual Studio Version 17
VisualStudioVersion = 17.5.2.0
MinimumVisualStudioVersion = 10.0.40219.1
Project("{FAE04EC0-301F-11D3-BF4B-00C04F79EFBC}") = "unlostfpsarttirma", "unlostfpsarttirma.csproj", "{EA536DE3-CD68-C5BF-53C1-F1C29564EABD}"
EndProject
Global
	GlobalSection(SolutionConfigurationPlatforms) = preSolution
		Debug|Any CPU = Debug|Any CPU
		Release|Any CPU = Release|Any CPU
	EndGlobalSection
	GlobalSection(ProjectConfigurationPlatforms) = postSolution
		{EA536DE3-CD68-C5BF-53C1-F1C29564EABD}.Debug|Any CPU.ActiveCfg = Debug|Any CPU
		{EA536DE3-CD68-C5BF-53C1-F1C29564EABD}.Debug|Any CPU.Build.0 = Debug|Any CPU
		{EA536DE3-CD68-C5BF-53C1-F1C29564EABD}.Release|Any CPU.ActiveCfg = Release|Any CPU
		{EA536DE3-CD68-C5BF-53C1-F1C29564EABD}.Release|Any CPU.Build.0 = Release|Any CPU
	EndGlobalSection
	GlobalSection(SolutionProperties) = preSolution
		HideSolutionNode = FALSE
	EndGlobalSection
	GlobalSection(ExtensibilityGlobals) = postSolution
		SolutionGuid = {33A72E94-E118-489F-A500-974A86E00D39}
	EndGlobalSection
EndGlobal
